
Microsoft Visual Studio Solution File, Format Version 12.00
# Visual Studio 15
VisualStudioVersion = 15.0.28307.902
MinimumVisualStudioVersion = 10.0.40219.1
Project("{FAE04EC0-301F-11D3-BF4B-00C04F79EFBC}") = "TELAS", "ProjetoPEOO\TELAS.csproj", "{A310D87C-D6CE-4A44-8E76-DC786BA70B4F}"
EndProject
Project("{FAE04EC0-301F-11D3-BF4B-00C04F79EFBC}") = "NAdministrador", "NAdministrador\NAdministrador.csproj", "{6F3D6AAC-A2A1-4D2D-98BF-7E0483E00404}"
EndProject
Project("{FAE04EC0-301F-11D3-BF4B-00C04F79EFBC}") = "MAluno", "MAluno\MAluno.csproj", "{D7657AC0-0229-4896-8993-E759BA7C7C1F}"
EndProject
Project("{FAE04EC0-301F-11D3-BF4B-00C04F79EFBC}") = "MProfessor", "MProfessor\MProfessor.csproj", "{17C515E7-B1F5-48DF-B87F-0DE9591A5251}"
EndProject
Project("{FAE04EC0-301F-11D3-BF4B-00C04F79EFBC}") = "MAdministrador", "MAdministrador\MAdministrador.csproj", "{60514EF5-5979-40B1-ADB4-2D154D758A58}"
EndProject
Global
	GlobalSection(SolutionConfigurationPlatforms) = preSolution
		Debug|Any CPU = Debug|Any CPU
		Release|Any CPU = Release|Any CPU
	EndGlobalSection
	GlobalSection(ProjectConfigurationPlatforms) = postSolution
		{A310D87C-D6CE-4A44-8E76-DC786BA70B4F}.Debug|Any CPU.ActiveCfg = Debug|Any CPU
		{A310D87C-D6CE-4A44-8E76-DC786BA70B4F}.Debug|Any CPU.Build.0 = Debug|Any CPU
		{A310D87C-D6CE-4A44-8E76-DC786BA70B4F}.Release|Any CPU.ActiveCfg = Release|Any CPU
		{A310D87C-D6CE-4A44-8E76-DC786BA70B4F}.Release|Any CPU.Build.0 = Release|Any CPU
		{6F3D6AAC-A2A1-4D2D-98BF-7E0483E00404}.Debug|Any CPU.ActiveCfg = Debug|Any CPU
		{6F3D6AAC-A2A1-4D2D-98BF-7E0483E00404}.Debug|Any CPU.Build.0 = Debug|Any CPU
		{6F3D6AAC-A2A1-4D2D-98BF-7E0483E00404}.Release|Any CPU.ActiveCfg = Release|Any CPU
		{6F3D6AAC-A2A1-4D2D-98BF-7E0483E00404}.Release|Any CPU.Build.0 = Release|Any CPU
		{D7657AC0-0229-4896-8993-E759BA7C7C1F}.Debug|Any CPU.ActiveCfg = Debug|Any CPU
		{D7657AC0-0229-4896-8993-E759BA7C7C1F}.Debug|Any CPU.Build.0 = Debug|Any CPU
		{D7657AC0-0229-4896-8993-E759BA7C7C1F}.Release|Any CPU.ActiveCfg = Release|Any CPU
		{D7657AC0-0229-4896-8993-E759BA7C7C1F}.Release|Any CPU.Build.0 = Release|Any CPU
		{17C515E7-B1F5-48DF-B87F-0DE9591A5251}.Debug|Any CPU.ActiveCfg = Debug|Any CPU
		{17C515E7-B1F5-48DF-B87F-0DE9591A5251}.Debug|Any CPU.Build.0 = Debug|Any CPU
		{17C515E7-B1F5-48DF-B87F-0DE9591A5251}.Release|Any CPU.ActiveCfg = Release|Any CPU
		{17C515E7-B1F5-48DF-B87F-0DE9591A5251}.Release|Any CPU.Build.0 = Release|Any CPU
		{60514EF5-5979-40B1-ADB4-2D154D758A58}.Debug|Any CPU.ActiveCfg = Debug|Any CPU
		{60514EF5-5979-40B1-ADB4-2D154D758A58}.Debug|Any CPU.Build.0 = Debug|Any CPU
		{60514EF5-5979-40B1-ADB4-2D154D758A58}.Release|Any CPU.ActiveCfg = Release|Any CPU
		{60514EF5-5979-40B1-ADB4-2D154D758A58}.Release|Any CPU.Build.0 = Release|Any CPU
	EndGlobalSection
	GlobalSection(SolutionProperties) = preSolution
		HideSolutionNode = FALSE
	EndGlobalSection
	GlobalSection(ExtensibilityGlobals) = postSolution
		SolutionGuid = {44901A60-8FC2-49E1-969C-3270C05F4337}
	EndGlobalSection
EndGlobal
