
Microsoft Visual Studio Solution File, Format Version 12.00
# Visual Studio 15
VisualStudioVersion = 15.0.28307.902
MinimumVisualStudioVersion = 10.0.40219.1
Project("{FAE04EC0-301F-11D3-BF4B-00C04F79EFBC}") = "TELAS", "ProjetoPEOO\TELAS.csproj", "{A310D87C-D6CE-4A44-8E76-DC786BA70B4F}"
EndProject
Project("{FAE04EC0-301F-11D3-BF4B-00C04F79EFBC}") = "Aluno", "Aluno\Aluno.csproj", "{FF1CDDD7-D78B-4A44-A4B5-74557A2E4AB6}"
EndProject
Project("{FAE04EC0-301F-11D3-BF4B-00C04F79EFBC}") = "Professor", "Professor\Professor.csproj", "{187A3F72-F4A3-48E5-8BAB-7EE761028D16}"
EndProject
Project("{FAE04EC0-301F-11D3-BF4B-00C04F79EFBC}") = "Administrador", "Administrador\Administrador.csproj", "{2DB69CF4-9235-4337-B360-0153784CFED8}"
EndProject
Global
	GlobalSection(SolutionConfigurationPlatforms) = preSolution
		Debug|Any CPU = Debug|Any CPU
		Release|Any CPU = Release|Any CPU
	EndGlobalSection
	GlobalSection(ProjectConfigurationPlatforms) = postSolution
		{A310D87C-D6CE-4A44-8E76-DC786BA70B4F}.Debug|Any CPU.ActiveCfg = Debug|Any CPU
		{A310D87C-D6CE-4A44-8E76-DC786BA70B4F}.Debug|Any CPU.Build.0 = Debug|Any CPU
		{A310D87C-D6CE-4A44-8E76-DC786BA70B4F}.Release|Any CPU.ActiveCfg = Release|Any CPU
		{A310D87C-D6CE-4A44-8E76-DC786BA70B4F}.Release|Any CPU.Build.0 = Release|Any CPU
		{FF1CDDD7-D78B-4A44-A4B5-74557A2E4AB6}.Debug|Any CPU.ActiveCfg = Debug|Any CPU
		{FF1CDDD7-D78B-4A44-A4B5-74557A2E4AB6}.Debug|Any CPU.Build.0 = Debug|Any CPU
		{FF1CDDD7-D78B-4A44-A4B5-74557A2E4AB6}.Release|Any CPU.ActiveCfg = Release|Any CPU
		{FF1CDDD7-D78B-4A44-A4B5-74557A2E4AB6}.Release|Any CPU.Build.0 = Release|Any CPU
		{187A3F72-F4A3-48E5-8BAB-7EE761028D16}.Debug|Any CPU.ActiveCfg = Debug|Any CPU
		{187A3F72-F4A3-48E5-8BAB-7EE761028D16}.Debug|Any CPU.Build.0 = Debug|Any CPU
		{187A3F72-F4A3-48E5-8BAB-7EE761028D16}.Release|Any CPU.ActiveCfg = Release|Any CPU
		{187A3F72-F4A3-48E5-8BAB-7EE761028D16}.Release|Any CPU.Build.0 = Release|Any CPU
		{2DB69CF4-9235-4337-B360-0153784CFED8}.Debug|Any CPU.ActiveCfg = Debug|Any CPU
		{2DB69CF4-9235-4337-B360-0153784CFED8}.Debug|Any CPU.Build.0 = Debug|Any CPU
		{2DB69CF4-9235-4337-B360-0153784CFED8}.Release|Any CPU.ActiveCfg = Release|Any CPU
		{2DB69CF4-9235-4337-B360-0153784CFED8}.Release|Any CPU.Build.0 = Release|Any CPU
	EndGlobalSection
	GlobalSection(SolutionProperties) = preSolution
		HideSolutionNode = FALSE
	EndGlobalSection
	GlobalSection(ExtensibilityGlobals) = postSolution
		SolutionGuid = {44901A60-8FC2-49E1-969C-3270C05F4337}
	EndGlobalSection
EndGlobal
